
Microsoft Visual Studio Solution File, Format Version 12.00
# Visual Studio Version 16
VisualStudioVersion = 16.0.31205.134
MinimumVisualStudioVersion = 10.0.40219.1
Project("{FAE04EC0-301F-11D3-BF4B-00C04F79EFBC}") = "Functional", "Functional\Functional.csproj", "{A778F65F-E9AC-4E8A-9139-6595BB4C752B}"
EndProject
Project("{FAE04EC0-301F-11D3-BF4B-00C04F79EFBC}") = "HostServer", "..\HostServer\HostServer.csproj", "{589F3790-6EE4-4604-AAF7-F746E2C62988}"
EndProject
Global
	GlobalSection(SolutionConfigurationPlatforms) = preSolution
		Debug|Any CPU = Debug|Any CPU
		Release|Any CPU = Release|Any CPU
	EndGlobalSection
	GlobalSection(ProjectConfigurationPlatforms) = postSolution
		{A778F65F-E9AC-4E8A-9139-6595BB4C752B}.Debug|Any CPU.ActiveCfg = Debug|Any CPU
		{A778F65F-E9AC-4E8A-9139-6595BB4C752B}.Debug|Any CPU.Build.0 = Debug|Any CPU
		{A778F65F-E9AC-4E8A-9139-6595BB4C752B}.Release|Any CPU.ActiveCfg = Release|Any CPU
		{A778F65F-E9AC-4E8A-9139-6595BB4C752B}.Release|Any CPU.Build.0 = Release|Any CPU
		{589F3790-6EE4-4604-AAF7-F746E2C62988}.Debug|Any CPU.ActiveCfg = Debug|Any CPU
		{589F3790-6EE4-4604-AAF7-F746E2C62988}.Debug|Any CPU.Build.0 = Debug|Any CPU
		{589F3790-6EE4-4604-AAF7-F746E2C62988}.Release|Any CPU.ActiveCfg = Release|Any CPU
		{589F3790-6EE4-4604-AAF7-F746E2C62988}.Release|Any CPU.Build.0 = Release|Any CPU
	EndGlobalSection
	GlobalSection(SolutionProperties) = preSolution
		HideSolutionNode = FALSE
	EndGlobalSection
	GlobalSection(ExtensibilityGlobals) = postSolution
		SolutionGuid = {755C8E55-5B5F-4164-998C-A6C53F340C0D}
	EndGlobalSection
EndGlobal
